
Microsoft Visual Studio Solution File, Format Version 10.00
# Visual Studio 2008
Project("{8BC9CEB8-8B4A-11D0-8D11-00A0C91BC942}") = "RadioIIT", "RadioIIT\RadioIIT.vcproj", "{D6C16564-E430-440B-8479-69EDA4EA24EA}"
EndProject
Global
	GlobalSection(SolutionConfigurationPlatforms) = preSolution
		Debug|Win32 = Debug|Win32
		Release|Win32 = Release|Win32
	EndGlobalSection
	GlobalSection(ProjectConfigurationPlatforms) = postSolution
		{D6C16564-E430-440B-8479-69EDA4EA24EA}.Debug|Win32.ActiveCfg = Debug|Win32
		{D6C16564-E430-440B-8479-69EDA4EA24EA}.Debug|Win32.Build.0 = Debug|Win32
		{D6C16564-E430-440B-8479-69EDA4EA24EA}.Release|Win32.ActiveCfg = Release|Win32
		{D6C16564-E430-440B-8479-69EDA4EA24EA}.Release|Win32.Build.0 = Release|Win32
	EndGlobalSection
	GlobalSection(SolutionProperties) = preSolution
		HideSolutionNode = FALSE
	EndGlobalSection
EndGlobal
